// !$*UTF8*$!
{
	archiveVersion = 1;
	classes = {
	};
	objectVersion = 56;
	objects = {

/* Begin PBXBuildFile section */
		BDA6542D29DD2C59005CE2EF /* QuizViewController.swift in Sources */ = {isa = PBXBuildFile; fileRef = BDA6542C29DD2C59005CE2EF /* QuizViewController.swift */; };
		BDC2FEC629CE52E800E841AA /* ForParentsViewController.swift in Sources */ = {isa = PBXBuildFile; fileRef = BDC2FEC529CE52E800E841AA /* ForParentsViewController.swift */; };
		BDC3F86A29B6AA1600E619C0 /* AppDelegate.swift in Sources */ = {isa = PBXBuildFile; fileRef = BDC3F86929B6AA1600E619C0 /* AppDelegate.swift */; };
		BDC3F86C29B6AA1600E619C0 /* SceneDelegate.swift in Sources */ = {isa = PBXBuildFile; fileRef = BDC3F86B29B6AA1600E619C0 /* SceneDelegate.swift */; };
		BDC3F86E29B6AA1600E619C0 /* ViewController.swift in Sources */ = {isa = PBXBuildFile; fileRef = BDC3F86D29B6AA1600E619C0 /* ViewController.swift */; };
		BDC3F87129B6AA1600E619C0 /* Main.storyboard in Resources */ = {isa = PBXBuildFile; fileRef = BDC3F86F29B6AA1600E619C0 /* Main.storyboard */; };
		BDC3F87329B6AA1900E619C0 /* Assets.xcassets in Resources */ = {isa = PBXBuildFile; fileRef = BDC3F87229B6AA1900E619C0 /* Assets.xcassets */; };
		BDC3F87629B6AA1900E619C0 /* LaunchScreen.storyboard in Resources */ = {isa = PBXBuildFile; fileRef = BDC3F87429B6AA1900E619C0 /* LaunchScreen.storyboard */; };
/* End PBXBuildFile section */

/* Begin PBXFileReference section */
		BDA6542C29DD2C59005CE2EF /* QuizViewController.swift */ = {isa = PBXFileReference; lastKnownFileType = sourcecode.swift; path = QuizViewController.swift; sourceTree = "<group>"; };
		BDC2FEC529CE52E800E841AA /* ForParentsViewController.swift */ = {isa = PBXFileReference; lastKnownFileType = sourcecode.swift; path = ForParentsViewController.swift; sourceTree = "<group>"; };
		BDC3F86629B6AA1600E619C0 /* Team_Imagine.app */ = {isa = PBXFileReference; explicitFileType = wrapper.application; includeInIndex = 0; path = Team_Imagine.app; sourceTree = BUILT_PRODUCTS_DIR; };
		BDC3F86929B6AA1600E619C0 /* AppDelegate.swift */ = {isa = PBXFileReference; lastKnownFileType = sourcecode.swift; path = AppDelegate.swift; sourceTree = "<group>"; };
		BDC3F86B29B6AA1600E619C0 /* SceneDelegate.swift */ = {isa = PBXFileReference; lastKnownFileType = sourcecode.swift; path = SceneDelegate.swift; sourceTree = "<group>"; };
		BDC3F86D29B6AA1600E619C0 /* ViewController.swift */ = {isa = PBXFileReference; lastKnownFileType = sourcecode.swift; path = ViewController.swift; sourceTree = "<group>"; };
		BDC3F87029B6AA1600E619C0 /* Base */ = {isa = PBXFileReference; lastKnownFileType = file.storyboard; name = Base; path = Base.lproj/Main.storyboard; sourceTree = "<group>"; };
		BDC3F87229B6AA1900E619C0 /* Assets.xcassets */ = {isa = PBXFileReference; lastKnownFileType = folder.assetcatalog; path = Assets.xcassets; sourceTree = "<group>"; };
		BDC3F87529B6AA1900E619C0 /* Base */ = {isa = PBXFileReference; lastKnownFileType = file.storyboard; name = Base; path = Base.lproj/LaunchScreen.storyboard; sourceTree = "<group>"; };
		BDC3F87729B6AA1900E619C0 /* Info.plist */ = {isa = PBXFileReference; lastKnownFileType = text.plist.xml; path = Info.plist; sourceTree = "<group>"; };
/* End PBXFileReference section */

/* Begin PBXFrameworksBuildPhase section */
		BDC3F86329B6AA1600E619C0 /* Frameworks */ = {
			isa = PBXFrameworksBuildPhase;
			buildActionMask = 2147483647;
			files = (
			);
			runOnlyForDeploymentPostprocessing = 0;
		};
/* End PBXFrameworksBuildPhase section */

/* Begin PBXGroup section */
		BDC3F85D29B6AA1600E619C0 = {
			isa = PBXGroup;
			children = (
				BDA6542C29DD2C59005CE2EF /* QuizViewController.swift */,
				BDC2FEC529CE52E800E841AA /* ForParentsViewController.swift */,
				BDC3F86829B6AA1600E619C0 /* Team_Imagine */,
				BDC3F86729B6AA1600E619C0 /* Products */,
			);
			sourceTree = "<group>";
		};
		BDC3F86729B6AA1600E619C0 /* Products */ = {
			isa = PBXGroup;
			children = (
				BDC3F86629B6AA1600E619C0 /* Team_Imagine.app */,
			);
			name = Products;
			sourceTree = "<group>";
		};
		BDC3F86829B6AA1600E619C0 /* Team_Imagine */ = {
			isa = PBXGroup;
			children = (
				BDC3F86929B6AA1600E619C0 /* AppDelegate.swift */,
				BDC3F86B29B6AA1600E619C0 /* SceneDelegate.swift */,
				BDC3F86D29B6AA1600E619C0 /* ViewController.swift */,
				BDC3F86F29B6AA1600E619C0 /* Main.storyboard */,
				BDC3F87229B6AA1900E619C0 /* Assets.xcassets */,
				BDC3F87429B6AA1900E619C0 /* LaunchScreen.storyboard */,
				BDC3F87729B6AA1900E619C0 /* Info.plist */,
			);
			path = Team_Imagine;
			sourceTree = "<group>";
		};
/* End PBXGroup section */

/* Begin PBXNativeTarget section */
		BDC3F86529B6AA1600E619C0 /* Team_Imagine */ = {
			isa = PBXNativeTarget;
			buildConfigurationList = BDC3F87A29B6AA1900E619C0 /* Build configuration list for PBXNativeTarget "Team_Imagine" */;
			buildPhases = (
				BDC3F86229B6AA1600E619C0 /* Sources */,
				BDC3F86329B6AA1600E619C0 /* Frameworks */,
				BDC3F86429B6AA1600E619C0 /* Resources */,
			);
			buildRules = (
			);
			dependencies = (
			);
			name = Team_Imagine;
			productName = Team_Imagine;
			productReference = BDC3F86629B6AA1600E619C0 /* Team_Imagine.app */;
			productType = "com.apple.product-type.application";
		};
/* End PBXNativeTarget section */

/* Begin PBXProject section */
		BDC3F85E29B6AA1600E619C0 /* Project object */ = {
			isa = PBXProject;
			attributes = {
				BuildIndependentTargetsInParallel = 1;
				LastSwiftUpdateCheck = 1420;
				LastUpgradeCheck = 1420;
				TargetAttributes = {
					BDC3F86529B6AA1600E619C0 = {
						CreatedOnToolsVersion = 14.2;
					};
				};
			};
			buildConfigurationList = BDC3F86129B6AA1600E619C0 /* Build configuration list for PBXProject "Team_Imagine" */;
			compatibilityVersion = "Xcode 14.0";
			developmentRegion = en;
			hasScannedForEncodings = 0;
			knownRegions = (
				en,
				Base,
			);
			mainGroup = BDC3F85D29B6AA1600E619C0;
			productRefGroup = BDC3F86729B6AA1600E619C0 /* Products */;
			projectDirPath = "";
			projectRoot = "";
			targets = (
				BDC3F86529B6AA1600E619C0 /* Team_Imagine */,
			);
		};
/* End PBXProject section */

/* Begin PBXResourcesBuildPhase section */
		BDC3F86429B6AA1600E619C0 /* Resources */ = {
			isa = PBXResourcesBuildPhase;
			buildActionMask = 2147483647;
			files = (
				BDC3F87629B6AA1900E619C0 /* LaunchScreen.storyboard in Resources */,
				BDC3F87329B6AA1900E619C0 /* Assets.xcassets in Resources */,
				BDC3F87129B6AA1600E619C0 /* Main.storyboard in Resources */,
			);
			runOnlyForDeploymentPostprocessing = 0;
		};
/* End PBXResourcesBuildPhase section */

/* Begin PBXSourcesBuildPhase section */
		BDC3F86229B6AA1600E619C0 /* Sources */ = {
			isa = PBXSourcesBuildPhase;
			buildActionMask = 2147483647;
			files = (
				BDC2FEC629CE52E800E841AA /* ForParentsViewController.swift in Sources */,
				BDA6542D29DD2C59005CE2EF /* QuizViewController.swift in Sources */,
				BDC3F86E29B6AA1600E619C0 /* ViewController.swift in Sources */,
				BDC3F86A29B6AA1600E619C0 /* AppDelegate.swift in Sources */,
				BDC3F86C29B6AA1600E619C0 /* SceneDelegate.swift in Sources */,
			);
			runOnlyForDeploymentPostprocessing = 0;
		};
/* End PBXSourcesBuildPhase section */

/* Begin PBXVariantGroup section */
		BDC3F86F29B6AA1600E619C0 /* Main.storyboard */ = {
			isa = PBXVariantGroup;
			children = (
				BDC3F87029B6AA1600E619C0 /* Base */,
			);
			name = Main.storyboard;
			sourceTree = "<group>";
		};
		BDC3F87429B6AA1900E619C0 /* LaunchScreen.storyboard */ = {
			isa = PBXVariantGroup;
			children = (
				BDC3F87529B6AA1900E619C0 /* Base */,
			);
			name = LaunchScreen.storyboard;
			sourceTree = "<group>";
		};
/* End PBXVariantGroup section */

/* Begin XCBuildConfiguration section */
		BDC3F87829B6AA1900E619C0 /* Debug */ = {
			isa = XCBuildConfiguration;
			buildSettings = {
				ALWAYS_SEARCH_USER_PATHS = NO;
				CLANG_ANALYZER_NONNULL = YES;
				CLANG_ANALYZER_NUMBER_OBJECT_CONVERSION = YES_AGGRESSIVE;
				CLANG_CXX_LANGUAGE_STANDARD = "gnu++20";
				CLANG_ENABLE_MODULES = YES;
				CLANG_ENABLE_OBJC_ARC = YES;
				CLANG_ENABLE_OBJC_WEAK = YES;
				CLANG_WARN_BLOCK_CAPTURE_AUTORELEASING = YES;
				CLANG_WARN_BOOL_CONVERSION = YES;
				CLANG_WARN_COMMA = YES;
				CLANG_WARN_CONSTANT_CONVERSION = YES;
				CLANG_WARN_DEPRECATED_OBJC_IMPLEMENTATIONS = YES;
				CLANG_WARN_DIRECT_OBJC_ISA_USAGE = YES_ERROR;
				CLANG_WARN_DOCUMENTATION_COMMENTS = YES;
				CLANG_WARN_EMPTY_BODY = YES;
				CLANG_WARN_ENUM_CONVERSION = YES;
				CLANG_WARN_INFINITE_RECURSION = YES;
				CLANG_WARN_INT_CONVERSION = YES;
				CLANG_WARN_NON_LITERAL_NULL_CONVERSION = YES;
				CLANG_WARN_OBJC_IMPLICIT_RETAIN_SELF = YES;
				CLANG_WARN_OBJC_LITERAL_CONVERSION = YES;
				CLANG_WARN_OBJC_ROOT_CLASS = YES_ERROR;
				CLANG_WARN_QUOTED_INCLUDE_IN_FRAMEWORK_HEADER = YES;
				CLANG_WARN_RANGE_LOOP_ANALYSIS = YES;
				CLANG_WARN_STRICT_PROTOTYPES = YES;
				CLANG_WARN_SUSPICIOUS_MOVE = YES;
				CLANG_WARN_UNGUARDED_AVAILABILITY = YES_AGGRESSIVE;
				CLANG_WARN_UNREACHABLE_CODE = YES;
				CLANG_WARN__DUPLICATE_METHOD_MATCH = YES;
				COPY_PHASE_STRIP = NO;
				DEBUG_INFORMATION_FORMAT = dwarf;
				ENABLE_STRICT_OBJC_MSGSEND = YES;
				ENABLE_TESTABILITY = YES;
				GCC_C_LANGUAGE_STANDARD = gnu11;
				GCC_DYNAMIC_NO_PIC = NO;
				GCC_NO_COMMON_BLOCKS = YES;
				GCC_OPTIMIZATION_LEVEL = 0;
				GCC_PREPROCESSOR_DEFINITIONS = (
					"DEBUG=1",
					"$(inherited)",
				);
				GCC_WARN_64_TO_32_BIT_CONVERSION = YES;
				GCC_WARN_ABOUT_RETURN_TYPE = YES_ERROR;
				GCC_WARN_UNDECLARED_SELECTOR = YES;
				GCC_WARN_UNINITIALIZED_AUTOS = YES_AGGRESSIVE;
				GCC_WARN_UNUSED_FUNCTION = YES;
				GCC_WARN_UNUSED_VARIABLE = YES;
				IPHONEOS_DEPLOYMENT_TARGET = 16.2;
				MTL_ENABLE_DEBUG_INFO = INCLUDE_SOURCE;
				MTL_FAST_MATH = YES;
				ONLY_ACTIVE_ARCH = YES;
				SDKROOT = iphoneos;
				SWIFT_ACTIVE_COMPILATION_CONDITIONS = DEBUG;
				SWIFT_OPTIMIZATION_LEVEL = "-Onone";
			};
			name = Debug;
		};
		BDC3F87929B6AA1900E619C0 /* Release */ = {
			isa = XCBuildConfiguration;
			buildSettings = {
				ALWAYS_SEARCH_USER_PATHS = NO;
				CLANG_ANALYZER_NONNULL = YES;
				CLANG_ANALYZER_NUMBER_OBJECT_CONVERSION = YES_AGGRESSIVE;
				CLANG_CXX_LANGUAGE_STANDARD = "gnu++20";
				CLANG_ENABLE_MODULES = YES;
				CLANG_ENABLE_OBJC_ARC = YES;
				CLANG_ENABLE_OBJC_WEAK = YES;
				CLANG_WARN_BLOCK_CAPTURE_AUTORELEASING = YES;
				CLANG_WARN_BOOL_CONVERSION = YES;
				CLANG_WARN_COMMA = YES;
				CLANG_WARN_CONSTANT_CONVERSION = YES;
				CLANG_WARN_DEPRECATED_OBJC_IMPLEMENTATIONS = YES;
				CLANG_WARN_DIRECT_OBJC_ISA_USAGE = YES_ERROR;
				CLANG_WARN_DOCUMENTATION_COMMENTS = YES;
				CLANG_WARN_EMPTY_BODY = YES;
				CLANG_WARN_ENUM_CONVERSION = YES;
				CLANG_WARN_INFINITE_RECURSION = YES;
				CLANG_WARN_INT_CONVERSION = YES;
				CLANG_WARN_NON_LITERAL_NULL_CONVERSION = YES;
				CLANG_WARN_OBJC_IMPLICIT_RETAIN_SELF = YES;
				CLANG_WARN_OBJC_LITERAL_CONVERSION = YES;
				CLANG_WARN_OBJC_ROOT_CLASS = YES_ERROR;
				CLANG_WARN_QUOTED_INCLUDE_IN_FRAMEWORK_HEADER = YES;
				CLANG_WARN_RANGE_LOOP_ANALYSIS = YES;
				CLANG_WARN_STRICT_PROTOTYPES = YES;
				CLANG_WARN_SUSPICIOUS_MOVE = YES;
				CLANG_WARN_UNGUARDED_AVAILABILITY = YES_AGGRESSIVE;
				CLANG_WARN_UNREACHABLE_CODE = YES;
				CLANG_WARN__DUPLICATE_METHOD_MATCH = YES;
				COPY_PHASE_STRIP = NO;
				DEBUG_INFORMATION_FORMAT = "dwarf-with-dsym";
				ENABLE_NS_ASSERTIONS = NO;
				ENABLE_STRICT_OBJC_MSGSEND = YES;
				GCC_C_LANGUAGE_STANDARD = gnu11;
				GCC_NO_COMMON_BLOCKS = YES;
				GCC_WARN_64_TO_32_BIT_CONVERSION = YES;
				GCC_WARN_ABOUT_RETURN_TYPE = YES_ERROR;
				GCC_WARN_UNDECLARED_SELECTOR = YES;
				GCC_WARN_UNINITIALIZED_AUTOS = YES_AGGRESSIVE;
				GCC_WARN_UNUSED_FUNCTION = YES;
				GCC_WARN_UNUSED_VARIABLE = YES;
				IPHONEOS_DEPLOYMENT_TARGET = 16.2;
				MTL_ENABLE_DEBUG_INFO = NO;
				MTL_FAST_MATH = YES;
				SDKROOT = iphoneos;
				SWIFT_COMPILATION_MODE = wholemodule;
				SWIFT_OPTIMIZATION_LEVEL = "-O";
				VALIDATE_PRODUCT = YES;
			};
			name = Release;
		};
		BDC3F87B29B6AA1900E619C0 /* Debug */ = {
			isa = XCBuildConfiguration;
			buildSettings = {
				ASSETCATALOG_COMPILER_APPICON_NAME = AppIcon;
				ASSETCATALOG_COMPILER_GLOBAL_ACCENT_COLOR_NAME = AccentColor;
				CODE_SIGN_STYLE = Automatic;
				CURRENT_PROJECT_VERSION = 1;
				DEVELOPMENT_TEAM = Q9326DZCE6;
				GENERATE_INFOPLIST_FILE = YES;
				INFOPLIST_FILE = Team_Imagine/Info.plist;
				INFOPLIST_KEY_UIApplicationSupportsIndirectInputEvents = YES;
				INFOPLIST_KEY_UILaunchStoryboardName = LaunchScreen;
				INFOPLIST_KEY_UIMainStoryboardFile = Main;
				INFOPLIST_KEY_UIStatusBarStyle = "";
				INFOPLIST_KEY_UISupportedInterfaceOrientations_iPad = "UIInterfaceOrientationPortrait UIInterfaceOrientationPortraitUpsideDown UIInterfaceOrientationLandscapeLeft UIInterfaceOrientationLandscapeRight";
				INFOPLIST_KEY_UISupportedInterfaceOrientations_iPhone = "UIInterfaceOrientationPortrait UIInterfaceOrientationLandscapeLeft UIInterfaceOrientationLandscapeRight";
				LD_RUNPATH_SEARCH_PATHS = (
					"$(inherited)",
					"@executable_path/Frameworks",
				);
				MARKETING_VERSION = 1.0;
				PRODUCT_BUNDLE_IDENTIFIER = "edu.okstate.Team-Imagine";
				PRODUCT_NAME = "$(TARGET_NAME)";
				SWIFT_EMIT_LOC_STRINGS = YES;
				SWIFT_VERSION = 5.0;
				TARGETED_DEVICE_FAMILY = "1,2";
			};
			name = Debug;
		};
		BDC3F87C29B6AA1900E619C0 /* Release */ = {
			isa = XCBuildConfiguration;
			buildSettings = {
				ASSETCATALOG_COMPILER_APPICON_NAME = AppIcon;
				ASSETCATALOG_COMPILER_GLOBAL_ACCENT_COLOR_NAME = AccentColor;
				CODE_SIGN_STYLE = Automatic;
				CURRENT_PROJECT_VERSION = 1;
				DEVELOPMENT_TEAM = Q9326DZCE6;
				GENERATE_INFOPLIST_FILE = YES;
				INFOPLIST_FILE = Team_Imagine/Info.plist;
				INFOPLIST_KEY_UIApplicationSupportsIndirectInputEvents = YES;
				INFOPLIST_KEY_UILaunchStoryboardName = LaunchScreen;
				INFOPLIST_KEY_UIMainStoryboardFile = Main;
				INFOPLIST_KEY_UIStatusBarStyle = "";
				INFOPLIST_KEY_UISupportedInterfaceOrientations_iPad = "UIInterfaceOrientationPortrait UIInterfaceOrientationPortraitUpsideDown UIInterfaceOrientationLandscapeLeft UIInterfaceOrientationLandscapeRight";
				INFOPLIST_KEY_UISupportedInterfaceOrientations_iPhone = "UIInterfaceOrientationPortrait UIInterfaceOrientationLandscapeLeft UIInterfaceOrientationLandscapeRight";
				LD_RUNPATH_SEARCH_PATHS = (
					"$(inherited)",
					"@executable_path/Frameworks",
				);
				MARKETING_VERSION = 1.0;
				PRODUCT_BUNDLE_IDENTIFIER = "edu.okstate.Team-Imagine";
				PRODUCT_NAME = "$(TARGET_NAME)";
				SWIFT_EMIT_LOC_STRINGS = YES;
				SWIFT_VERSION = 5.0;
				TARGETED_DEVICE_FAMILY = "1,2";
			};
			name = Release;
		};
/* End XCBuildConfiguration section */

/* Begin XCConfigurationList section */
		BDC3F86129B6AA1600E619C0 /* Build configuration list for PBXProject "Team_Imagine" */ = {
			isa = XCConfigurationList;
			buildConfigurations = (
				BDC3F87829B6AA1900E619C0 /* Debug */,
				BDC3F87929B6AA1900E619C0 /* Release */,
			);
			defaultConfigurationIsVisible = 0;
			defaultConfigurationName = Release;
		};
		BDC3F87A29B6AA1900E619C0 /* Build configuration list for PBXNativeTarget "Team_Imagine" */ = {
			isa = XCConfigurationList;
			buildConfigurations = (
				BDC3F87B29B6AA1900E619C0 /* Debug */,
				BDC3F87C29B6AA1900E619C0 /* Release */,
			);
			defaultConfigurationIsVisible = 0;
			defaultConfigurationName = Release;
		};
/* End XCConfigurationList section */
	};
	rootObject = BDC3F85E29B6AA1600E619C0 /* Project object */;
}
